
Microsoft Visual Studio Solution File, Format Version 12.00
# Visual Studio Version 16
VisualStudioVersion = 16.0.31320.298
MinimumVisualStudioVersion = 10.0.40219.1
Project("{FAE04EC0-301F-11D3-BF4B-00C04F79EFBC}") = "EasyProbe.Android", "EasyProbe.Android\EasyProbe.Android.csproj", "{5D592EA7-0E56-4BDE-800D-68C5CE731E5A}"
EndProject
Project("{FAE04EC0-301F-11D3-BF4B-00C04F79EFBC}") = "EasyProbe.iOS", "EasyProbe.iOS\EasyProbe.iOS.csproj", "{77D6A9F4-FCC4-4C2D-9B50-1221C050CE33}"
EndProject
Project("{9A19103F-16F7-4668-BE54-9A1E7A4F7556}") = "EasyProbe", "EasyProbe\EasyProbe.csproj", "{9356CC30-CC8E-4F71-A597-657E1A5D038D}"
EndProject
Project("{9A19103F-16F7-4668-BE54-9A1E7A4F7556}") = "Plugin.BluetoothLE", "Plugin.BluetoothLE\Plugin.BluetoothLE.csproj", "{CAB6C898-FCA9-47B4-9852-E98DCCAD93CF}"
EndProject
Project("{9A19103F-16F7-4668-BE54-9A1E7A4F7556}") = "Plugin.BluetoothLE.Android", "Plugin.BluetoothLE.Android\Plugin.BluetoothLE.Android.csproj", "{D0D34E01-1884-4D41-B3CF-E2BC3E6D17DD}"
EndProject
Project("{9A19103F-16F7-4668-BE54-9A1E7A4F7556}") = "Plugin.BluetoothLE.iOS", "Plugin.BluetoothLE.iOS\Plugin.BluetoothLE.iOS.csproj", "{F8E3352E-DC74-4673-A7D4-6A8EEB8C758B}"
EndProject
Global
	GlobalSection(SolutionConfigurationPlatforms) = preSolution
		Debug|Any CPU = Debug|Any CPU
		Debug|iPhone = Debug|iPhone
		Debug|iPhoneSimulator = Debug|iPhoneSimulator
		Release|Any CPU = Release|Any CPU
		Release|iPhone = Release|iPhone
		Release|iPhoneSimulator = Release|iPhoneSimulator
	EndGlobalSection
	GlobalSection(ProjectConfigurationPlatforms) = postSolution
		{5D592EA7-0E56-4BDE-800D-68C5CE731E5A}.Debug|Any CPU.ActiveCfg = Debug|Any CPU
		{5D592EA7-0E56-4BDE-800D-68C5CE731E5A}.Debug|Any CPU.Build.0 = Debug|Any CPU
		{5D592EA7-0E56-4BDE-800D-68C5CE731E5A}.Debug|Any CPU.Deploy.0 = Debug|Any CPU
		{5D592EA7-0E56-4BDE-800D-68C5CE731E5A}.Debug|iPhone.ActiveCfg = Debug|Any CPU
		{5D592EA7-0E56-4BDE-800D-68C5CE731E5A}.Debug|iPhone.Build.0 = Debug|Any CPU
		{5D592EA7-0E56-4BDE-800D-68C5CE731E5A}.Debug|iPhone.Deploy.0 = Debug|Any CPU
		{5D592EA7-0E56-4BDE-800D-68C5CE731E5A}.Debug|iPhoneSimulator.ActiveCfg = Debug|Any CPU
		{5D592EA7-0E56-4BDE-800D-68C5CE731E5A}.Debug|iPhoneSimulator.Build.0 = Debug|Any CPU
		{5D592EA7-0E56-4BDE-800D-68C5CE731E5A}.Debug|iPhoneSimulator.Deploy.0 = Debug|Any CPU
		{5D592EA7-0E56-4BDE-800D-68C5CE731E5A}.Release|Any CPU.ActiveCfg = Release|Any CPU
		{5D592EA7-0E56-4BDE-800D-68C5CE731E5A}.Release|Any CPU.Build.0 = Release|Any CPU
		{5D592EA7-0E56-4BDE-800D-68C5CE731E5A}.Release|Any CPU.Deploy.0 = Release|Any CPU
		{5D592EA7-0E56-4BDE-800D-68C5CE731E5A}.Release|iPhone.ActiveCfg = Release|Any CPU
		{5D592EA7-0E56-4BDE-800D-68C5CE731E5A}.Release|iPhone.Build.0 = Release|Any CPU
		{5D592EA7-0E56-4BDE-800D-68C5CE731E5A}.Release|iPhone.Deploy.0 = Release|Any CPU
		{5D592EA7-0E56-4BDE-800D-68C5CE731E5A}.Release|iPhoneSimulator.ActiveCfg = Release|Any CPU
		{5D592EA7-0E56-4BDE-800D-68C5CE731E5A}.Release|iPhoneSimulator.Build.0 = Release|Any CPU
		{5D592EA7-0E56-4BDE-800D-68C5CE731E5A}.Release|iPhoneSimulator.Deploy.0 = Release|Any CPU
		{77D6A9F4-FCC4-4C2D-9B50-1221C050CE33}.Debug|Any CPU.ActiveCfg = Debug|iPhone
		{77D6A9F4-FCC4-4C2D-9B50-1221C050CE33}.Debug|Any CPU.Build.0 = Debug|iPhone
		{77D6A9F4-FCC4-4C2D-9B50-1221C050CE33}.Debug|Any CPU.Deploy.0 = Debug|iPhone
		{77D6A9F4-FCC4-4C2D-9B50-1221C050CE33}.Debug|iPhone.ActiveCfg = Debug|iPhone
		{77D6A9F4-FCC4-4C2D-9B50-1221C050CE33}.Debug|iPhone.Build.0 = Debug|iPhone
		{77D6A9F4-FCC4-4C2D-9B50-1221C050CE33}.Debug|iPhone.Deploy.0 = Debug|iPhone
		{77D6A9F4-FCC4-4C2D-9B50-1221C050CE33}.Debug|iPhoneSimulator.ActiveCfg = Debug|iPhoneSimulator
		{77D6A9F4-FCC4-4C2D-9B50-1221C050CE33}.Debug|iPhoneSimulator.Build.0 = Debug|iPhoneSimulator
		{77D6A9F4-FCC4-4C2D-9B50-1221C050CE33}.Debug|iPhoneSimulator.Deploy.0 = Debug|iPhoneSimulator
		{77D6A9F4-FCC4-4C2D-9B50-1221C050CE33}.Release|Any CPU.ActiveCfg = Release|iPhoneSimulator
		{77D6A9F4-FCC4-4C2D-9B50-1221C050CE33}.Release|Any CPU.Build.0 = Release|iPhoneSimulator
		{77D6A9F4-FCC4-4C2D-9B50-1221C050CE33}.Release|Any CPU.Deploy.0 = Release|iPhoneSimulator
		{77D6A9F4-FCC4-4C2D-9B50-1221C050CE33}.Release|iPhone.ActiveCfg = Release|iPhone
		{77D6A9F4-FCC4-4C2D-9B50-1221C050CE33}.Release|iPhone.Build.0 = Release|iPhone
		{77D6A9F4-FCC4-4C2D-9B50-1221C050CE33}.Release|iPhone.Deploy.0 = Release|iPhone
		{77D6A9F4-FCC4-4C2D-9B50-1221C050CE33}.Release|iPhoneSimulator.ActiveCfg = Release|iPhoneSimulator
		{77D6A9F4-FCC4-4C2D-9B50-1221C050CE33}.Release|iPhoneSimulator.Build.0 = Release|iPhoneSimulator
		{77D6A9F4-FCC4-4C2D-9B50-1221C050CE33}.Release|iPhoneSimulator.Deploy.0 = Release|iPhoneSimulator
		{9356CC30-CC8E-4F71-A597-657E1A5D038D}.Debug|Any CPU.ActiveCfg = Debug|Any CPU
		{9356CC30-CC8E-4F71-A597-657E1A5D038D}.Debug|Any CPU.Build.0 = Debug|Any CPU
		{9356CC30-CC8E-4F71-A597-657E1A5D038D}.Debug|Any CPU.Deploy.0 = Debug|Any CPU
		{9356CC30-CC8E-4F71-A597-657E1A5D038D}.Debug|iPhone.ActiveCfg = Debug|Any CPU
		{9356CC30-CC8E-4F71-A597-657E1A5D038D}.Debug|iPhone.Build.0 = Debug|Any CPU
		{9356CC30-CC8E-4F71-A597-657E1A5D038D}.Debug|iPhone.Deploy.0 = Debug|Any CPU
		{9356CC30-CC8E-4F71-A597-657E1A5D038D}.Debug|iPhoneSimulator.ActiveCfg = Debug|Any CPU
		{9356CC30-CC8E-4F71-A597-657E1A5D038D}.Debug|iPhoneSimulator.Build.0 = Debug|Any CPU
		{9356CC30-CC8E-4F71-A597-657E1A5D038D}.Debug|iPhoneSimulator.Deploy.0 = Debug|Any CPU
		{9356CC30-CC8E-4F71-A597-657E1A5D038D}.Release|Any CPU.ActiveCfg = Release|Any CPU
		{9356CC30-CC8E-4F71-A597-657E1A5D038D}.Release|Any CPU.Build.0 = Release|Any CPU
		{9356CC30-CC8E-4F71-A597-657E1A5D038D}.Release|Any CPU.Deploy.0 = Release|Any CPU
		{9356CC30-CC8E-4F71-A597-657E1A5D038D}.Release|iPhone.ActiveCfg = Release|Any CPU
		{9356CC30-CC8E-4F71-A597-657E1A5D038D}.Release|iPhone.Build.0 = Release|Any CPU
		{9356CC30-CC8E-4F71-A597-657E1A5D038D}.Release|iPhone.Deploy.0 = Release|Any CPU
		{9356CC30-CC8E-4F71-A597-657E1A5D038D}.Release|iPhoneSimulator.ActiveCfg = Release|Any CPU
		{9356CC30-CC8E-4F71-A597-657E1A5D038D}.Release|iPhoneSimulator.Build.0 = Release|Any CPU
		{9356CC30-CC8E-4F71-A597-657E1A5D038D}.Release|iPhoneSimulator.Deploy.0 = Release|Any CPU
		{CAB6C898-FCA9-47B4-9852-E98DCCAD93CF}.Debug|Any CPU.ActiveCfg = Debug|Any CPU
		{CAB6C898-FCA9-47B4-9852-E98DCCAD93CF}.Debug|Any CPU.Build.0 = Debug|Any CPU
		{CAB6C898-FCA9-47B4-9852-E98DCCAD93CF}.Debug|iPhone.ActiveCfg = Debug|Any CPU
		{CAB6C898-FCA9-47B4-9852-E98DCCAD93CF}.Debug|iPhone.Build.0 = Debug|Any CPU
		{CAB6C898-FCA9-47B4-9852-E98DCCAD93CF}.Debug|iPhoneSimulator.ActiveCfg = Debug|Any CPU
		{CAB6C898-FCA9-47B4-9852-E98DCCAD93CF}.Debug|iPhoneSimulator.Build.0 = Debug|Any CPU
		{CAB6C898-FCA9-47B4-9852-E98DCCAD93CF}.Release|Any CPU.ActiveCfg = Release|Any CPU
		{CAB6C898-FCA9-47B4-9852-E98DCCAD93CF}.Release|Any CPU.Build.0 = Release|Any CPU
		{CAB6C898-FCA9-47B4-9852-E98DCCAD93CF}.Release|iPhone.ActiveCfg = Release|Any CPU
		{CAB6C898-FCA9-47B4-9852-E98DCCAD93CF}.Release|iPhone.Build.0 = Release|Any CPU
		{CAB6C898-FCA9-47B4-9852-E98DCCAD93CF}.Release|iPhoneSimulator.ActiveCfg = Release|Any CPU
		{CAB6C898-FCA9-47B4-9852-E98DCCAD93CF}.Release|iPhoneSimulator.Build.0 = Release|Any CPU
		{D0D34E01-1884-4D41-B3CF-E2BC3E6D17DD}.Debug|Any CPU.ActiveCfg = Debug|Any CPU
		{D0D34E01-1884-4D41-B3CF-E2BC3E6D17DD}.Debug|Any CPU.Build.0 = Debug|Any CPU
		{D0D34E01-1884-4D41-B3CF-E2BC3E6D17DD}.Debug|iPhone.ActiveCfg = Debug|Any CPU
		{D0D34E01-1884-4D41-B3CF-E2BC3E6D17DD}.Debug|iPhone.Build.0 = Debug|Any CPU
		{D0D34E01-1884-4D41-B3CF-E2BC3E6D17DD}.Debug|iPhoneSimulator.ActiveCfg = Debug|Any CPU
		{D0D34E01-1884-4D41-B3CF-E2BC3E6D17DD}.Debug|iPhoneSimulator.Build.0 = Debug|Any CPU
		{D0D34E01-1884-4D41-B3CF-E2BC3E6D17DD}.Release|Any CPU.ActiveCfg = Release|Any CPU
		{D0D34E01-1884-4D41-B3CF-E2BC3E6D17DD}.Release|Any CPU.Build.0 = Release|Any CPU
		{D0D34E01-1884-4D41-B3CF-E2BC3E6D17DD}.Release|iPhone.ActiveCfg = Release|Any CPU
		{D0D34E01-1884-4D41-B3CF-E2BC3E6D17DD}.Release|iPhone.Build.0 = Release|Any CPU
		{D0D34E01-1884-4D41-B3CF-E2BC3E6D17DD}.Release|iPhoneSimulator.ActiveCfg = Release|Any CPU
		{D0D34E01-1884-4D41-B3CF-E2BC3E6D17DD}.Release|iPhoneSimulator.Build.0 = Release|Any CPU
		{F8E3352E-DC74-4673-A7D4-6A8EEB8C758B}.Debug|Any CPU.ActiveCfg = Debug|Any CPU
		{F8E3352E-DC74-4673-A7D4-6A8EEB8C758B}.Debug|Any CPU.Build.0 = Debug|Any CPU
		{F8E3352E-DC74-4673-A7D4-6A8EEB8C758B}.Debug|iPhone.ActiveCfg = Debug|Any CPU
		{F8E3352E-DC74-4673-A7D4-6A8EEB8C758B}.Debug|iPhone.Build.0 = Debug|Any CPU
		{F8E3352E-DC74-4673-A7D4-6A8EEB8C758B}.Debug|iPhoneSimulator.ActiveCfg = Debug|Any CPU
		{F8E3352E-DC74-4673-A7D4-6A8EEB8C758B}.Debug|iPhoneSimulator.Build.0 = Debug|Any CPU
		{F8E3352E-DC74-4673-A7D4-6A8EEB8C758B}.Release|Any CPU.ActiveCfg = Release|Any CPU
		{F8E3352E-DC74-4673-A7D4-6A8EEB8C758B}.Release|Any CPU.Build.0 = Release|Any CPU
		{F8E3352E-DC74-4673-A7D4-6A8EEB8C758B}.Release|iPhone.ActiveCfg = Release|Any CPU
		{F8E3352E-DC74-4673-A7D4-6A8EEB8C758B}.Release|iPhone.Build.0 = Release|Any CPU
		{F8E3352E-DC74-4673-A7D4-6A8EEB8C758B}.Release|iPhoneSimulator.ActiveCfg = Release|Any CPU
		{F8E3352E-DC74-4673-A7D4-6A8EEB8C758B}.Release|iPhoneSimulator.Build.0 = Release|Any CPU
	EndGlobalSection
	GlobalSection(SolutionProperties) = preSolution
		HideSolutionNode = FALSE
	EndGlobalSection
	GlobalSection(ExtensibilityGlobals) = postSolution
		SolutionGuid = {5FC93F40-C9E6-48B9-A8A3-3EA4DBF15A0F}
	EndGlobalSection
EndGlobal
